
Microsoft Visual Studio Solution File, Format Version 12.00
# Visual Studio Version 16
VisualStudioVersion = 16.0.30330.147
MinimumVisualStudioVersion = 10.0.40219.1
Project("{2150E333-8FDC-42A3-9474-1A3956D46DE8}") = "BLL", "BLL", "{07811753-A045-4449-8BF3-B174AED4A9AB}"
EndProject
Project("{FAE04EC0-301F-11D3-BF4B-00C04F79EFBC}") = "ModelSolutionS.BLL", "ModelSolutionS.BLL\ModelSolutionS.BLL.csproj", "{16F8BA27-765D-4AAF-9700-BD87C47F19C8}"
EndProject
Project("{FAE04EC0-301F-11D3-BF4B-00C04F79EFBC}") = "ModelSolutions.IBLL", "ModelSolutions.IBLL\ModelSolutions.IBLL.csproj", "{651332D1-98C5-4790-AE9F-A04AFF465922}"
EndProject
Project("{FAE04EC0-301F-11D3-BF4B-00C04F79EFBC}") = "ModelSolutions.BLLContainer", "ModelSolutions.Container\ModelSolutions.BLLContainer.csproj", "{552A030D-FDFE-4D1D-85D4-C046DEE0BBE3}"
EndProject
Project("{2150E333-8FDC-42A3-9474-1A3956D46DE8}") = "DAL", "DAL", "{92A1F5B2-9D9E-4654-B1E2-CCDACDBE34F4}"
EndProject
Project("{FAE04EC0-301F-11D3-BF4B-00C04F79EFBC}") = "ModelSolutions.DAL", "ModelSolutions.DAL\ModelSolutions.DAL.csproj", "{80029C45-A496-4113-830C-00E22D9726D2}"
EndProject
Project("{FAE04EC0-301F-11D3-BF4B-00C04F79EFBC}") = "ModelSolutions.IDAL", "ModelSolutions.IDAL\ModelSolutions.IDAL.csproj", "{C3F64BC8-91DD-44D4-9EDD-2499CA35290A}"
EndProject
Project("{FAE04EC0-301F-11D3-BF4B-00C04F79EFBC}") = "ModelSolutions.DALContainer", "ModelSolutions.DALContainer\ModelSolutions.DALContainer.csproj", "{AD74A58F-7604-4F3E-A078-8CDEAD9F87F3}"
EndProject
Project("{2150E333-8FDC-42A3-9474-1A3956D46DE8}") = "UI", "UI", "{FDC7B440-7F6D-4DF7-8299-B54086580CA5}"
EndProject
Project("{FAE04EC0-301F-11D3-BF4B-00C04F79EFBC}") = "Form", "MainForm\Form.csproj", "{BB6D384F-0B88-46FD-9BDE-66FAC84F6C6B}"
EndProject
Project("{2150E333-8FDC-42A3-9474-1A3956D46DE8}") = "Model", "Model", "{6C37AC92-D8BB-49D1-A45B-A15989D5036A}"
EndProject
Project("{FAE04EC0-301F-11D3-BF4B-00C04F79EFBC}") = "ModelTable", "ModelTable\ModelTable.csproj", "{8C5D95D7-D213-4981-B7E8-55582D37F3D8}"
EndProject
Global
	GlobalSection(SolutionConfigurationPlatforms) = preSolution
		Debug|Any CPU = Debug|Any CPU
		Release|Any CPU = Release|Any CPU
	EndGlobalSection
	GlobalSection(ProjectConfigurationPlatforms) = postSolution
		{16F8BA27-765D-4AAF-9700-BD87C47F19C8}.Debug|Any CPU.ActiveCfg = Debug|Any CPU
		{16F8BA27-765D-4AAF-9700-BD87C47F19C8}.Debug|Any CPU.Build.0 = Debug|Any CPU
		{16F8BA27-765D-4AAF-9700-BD87C47F19C8}.Release|Any CPU.ActiveCfg = Release|Any CPU
		{16F8BA27-765D-4AAF-9700-BD87C47F19C8}.Release|Any CPU.Build.0 = Release|Any CPU
		{651332D1-98C5-4790-AE9F-A04AFF465922}.Debug|Any CPU.ActiveCfg = Debug|Any CPU
		{651332D1-98C5-4790-AE9F-A04AFF465922}.Debug|Any CPU.Build.0 = Debug|Any CPU
		{651332D1-98C5-4790-AE9F-A04AFF465922}.Release|Any CPU.ActiveCfg = Release|Any CPU
		{651332D1-98C5-4790-AE9F-A04AFF465922}.Release|Any CPU.Build.0 = Release|Any CPU
		{552A030D-FDFE-4D1D-85D4-C046DEE0BBE3}.Debug|Any CPU.ActiveCfg = Debug|Any CPU
		{552A030D-FDFE-4D1D-85D4-C046DEE0BBE3}.Debug|Any CPU.Build.0 = Debug|Any CPU
		{552A030D-FDFE-4D1D-85D4-C046DEE0BBE3}.Release|Any CPU.ActiveCfg = Release|Any CPU
		{552A030D-FDFE-4D1D-85D4-C046DEE0BBE3}.Release|Any CPU.Build.0 = Release|Any CPU
		{80029C45-A496-4113-830C-00E22D9726D2}.Debug|Any CPU.ActiveCfg = Debug|Any CPU
		{80029C45-A496-4113-830C-00E22D9726D2}.Debug|Any CPU.Build.0 = Debug|Any CPU
		{80029C45-A496-4113-830C-00E22D9726D2}.Release|Any CPU.ActiveCfg = Release|Any CPU
		{80029C45-A496-4113-830C-00E22D9726D2}.Release|Any CPU.Build.0 = Release|Any CPU
		{C3F64BC8-91DD-44D4-9EDD-2499CA35290A}.Debug|Any CPU.ActiveCfg = Debug|Any CPU
		{C3F64BC8-91DD-44D4-9EDD-2499CA35290A}.Debug|Any CPU.Build.0 = Debug|Any CPU
		{C3F64BC8-91DD-44D4-9EDD-2499CA35290A}.Release|Any CPU.ActiveCfg = Release|Any CPU
		{C3F64BC8-91DD-44D4-9EDD-2499CA35290A}.Release|Any CPU.Build.0 = Release|Any CPU
		{AD74A58F-7604-4F3E-A078-8CDEAD9F87F3}.Debug|Any CPU.ActiveCfg = Debug|Any CPU
		{AD74A58F-7604-4F3E-A078-8CDEAD9F87F3}.Debug|Any CPU.Build.0 = Debug|Any CPU
		{AD74A58F-7604-4F3E-A078-8CDEAD9F87F3}.Release|Any CPU.ActiveCfg = Release|Any CPU
		{AD74A58F-7604-4F3E-A078-8CDEAD9F87F3}.Release|Any CPU.Build.0 = Release|Any CPU
		{BB6D384F-0B88-46FD-9BDE-66FAC84F6C6B}.Debug|Any CPU.ActiveCfg = Debug|Any CPU
		{BB6D384F-0B88-46FD-9BDE-66FAC84F6C6B}.Debug|Any CPU.Build.0 = Debug|Any CPU
		{BB6D384F-0B88-46FD-9BDE-66FAC84F6C6B}.Release|Any CPU.ActiveCfg = Release|Any CPU
		{BB6D384F-0B88-46FD-9BDE-66FAC84F6C6B}.Release|Any CPU.Build.0 = Release|Any CPU
		{8C5D95D7-D213-4981-B7E8-55582D37F3D8}.Debug|Any CPU.ActiveCfg = Debug|Any CPU
		{8C5D95D7-D213-4981-B7E8-55582D37F3D8}.Debug|Any CPU.Build.0 = Debug|Any CPU
		{8C5D95D7-D213-4981-B7E8-55582D37F3D8}.Release|Any CPU.ActiveCfg = Release|Any CPU
		{8C5D95D7-D213-4981-B7E8-55582D37F3D8}.Release|Any CPU.Build.0 = Release|Any CPU
	EndGlobalSection
	GlobalSection(SolutionProperties) = preSolution
		HideSolutionNode = FALSE
	EndGlobalSection
	GlobalSection(NestedProjects) = preSolution
		{16F8BA27-765D-4AAF-9700-BD87C47F19C8} = {07811753-A045-4449-8BF3-B174AED4A9AB}
		{651332D1-98C5-4790-AE9F-A04AFF465922} = {07811753-A045-4449-8BF3-B174AED4A9AB}
		{552A030D-FDFE-4D1D-85D4-C046DEE0BBE3} = {07811753-A045-4449-8BF3-B174AED4A9AB}
		{80029C45-A496-4113-830C-00E22D9726D2} = {92A1F5B2-9D9E-4654-B1E2-CCDACDBE34F4}
		{C3F64BC8-91DD-44D4-9EDD-2499CA35290A} = {92A1F5B2-9D9E-4654-B1E2-CCDACDBE34F4}
		{AD74A58F-7604-4F3E-A078-8CDEAD9F87F3} = {92A1F5B2-9D9E-4654-B1E2-CCDACDBE34F4}
		{BB6D384F-0B88-46FD-9BDE-66FAC84F6C6B} = {FDC7B440-7F6D-4DF7-8299-B54086580CA5}
		{8C5D95D7-D213-4981-B7E8-55582D37F3D8} = {6C37AC92-D8BB-49D1-A45B-A15989D5036A}
	EndGlobalSection
	GlobalSection(ExtensibilityGlobals) = postSolution
		SolutionGuid = {84863E09-1460-48E5-92B8-B18839A92C03}
	EndGlobalSection
EndGlobal
